
Microsoft Visual Studio Solution File, Format Version 12.00
# Visual Studio 15
VisualStudioVersion = 15.0.28307.329
MinimumVisualStudioVersion = 10.0.40219.1
Project("{FAE04EC0-301F-11D3-BF4B-00C04F79EFBC}") = "NikonFocusControl", "NikonFocusControl\NikonFocusControl.csproj", "{997F97B4-86CF-4563-9C64-DC09474FB3DA}"
EndProject
Project("{FAE04EC0-301F-11D3-BF4B-00C04F79EFBC}") = "TestControlApp", "TestApp\TestControlApp.csproj", "{3DAB1B0F-F5D1-4996-97CF-6E3CE97FBECC}"
EndProject
Project("{FAE04EC0-301F-11D3-BF4B-00C04F79EFBC}") = "NikonFocusAscomDriver", "NikonFocusAscomDriver\NikonFocusAscomDriver.csproj", "{64308775-BD4A-469C-BCAB-3ED830B811AF}"
EndProject
Project("{FAE04EC0-301F-11D3-BF4B-00C04F79EFBC}") = "TestAscomFormsApp", "TestAscomFormsApp\TestAscomFormsApp.csproj", "{8E8D406C-1838-4914-867D-AB602D0EAF3E}"
EndProject
Project("{FAE04EC0-301F-11D3-BF4B-00C04F79EFBC}") = "CameraControl.Devices", "CameraControl.Devices\CameraControl.Devices.csproj", "{E8572D8B-C987-4D20-BD88-1F8925A64A82}"
EndProject
Project("{FAE04EC0-301F-11D3-BF4B-00C04F79EFBC}") = "PortableDeviceLib", "PortableDeviceLib\PortableDeviceLib.csproj", "{E9F048C1-C6A0-4CCD-BE57-4E76A7F8B32D}"
EndProject
Global
	GlobalSection(SolutionConfigurationPlatforms) = preSolution
		Capture.Workflow|Any CPU = Capture.Workflow|Any CPU
		Capture.Workflow|Any CPU (x64 Test) = Capture.Workflow|Any CPU (x64 Test)
		Capture.Workflow|Any CPU (x86 Test) = Capture.Workflow|Any CPU (x86 Test)
		Capture.Workflow|x64 = Capture.Workflow|x64
		Capture.Workflow|x64 Test of x86 Driver = Capture.Workflow|x64 Test of x86 Driver
		Capture.Workflow|x86 = Capture.Workflow|x86
		Debug|Any CPU = Debug|Any CPU
		Debug|Any CPU (x64 Test) = Debug|Any CPU (x64 Test)
		Debug|Any CPU (x86 Test) = Debug|Any CPU (x86 Test)
		Debug|x64 = Debug|x64
		Debug|x64 Test of x86 Driver = Debug|x64 Test of x86 Driver
		Debug|x86 = Debug|x86
		Release|Any CPU = Release|Any CPU
		Release|Any CPU (x64 Test) = Release|Any CPU (x64 Test)
		Release|Any CPU (x86 Test) = Release|Any CPU (x86 Test)
		Release|x64 = Release|x64
		Release|x64 Test of x86 Driver = Release|x64 Test of x86 Driver
		Release|x86 = Release|x86
	EndGlobalSection
	GlobalSection(ProjectConfigurationPlatforms) = postSolution
		{997F97B4-86CF-4563-9C64-DC09474FB3DA}.Capture.Workflow|Any CPU.ActiveCfg = Release|Any CPU
		{997F97B4-86CF-4563-9C64-DC09474FB3DA}.Capture.Workflow|Any CPU.Build.0 = Release|Any CPU
		{997F97B4-86CF-4563-9C64-DC09474FB3DA}.Capture.Workflow|Any CPU (x64 Test).ActiveCfg = Release|Any CPU
		{997F97B4-86CF-4563-9C64-DC09474FB3DA}.Capture.Workflow|Any CPU (x64 Test).Build.0 = Release|Any CPU
		{997F97B4-86CF-4563-9C64-DC09474FB3DA}.Capture.Workflow|Any CPU (x86 Test).ActiveCfg = Release|Any CPU
		{997F97B4-86CF-4563-9C64-DC09474FB3DA}.Capture.Workflow|Any CPU (x86 Test).Build.0 = Release|Any CPU
		{997F97B4-86CF-4563-9C64-DC09474FB3DA}.Capture.Workflow|x64.ActiveCfg = Release|x64
		{997F97B4-86CF-4563-9C64-DC09474FB3DA}.Capture.Workflow|x64.Build.0 = Release|x64
		{997F97B4-86CF-4563-9C64-DC09474FB3DA}.Capture.Workflow|x64 Test of x86 Driver.ActiveCfg = Release|Any CPU
		{997F97B4-86CF-4563-9C64-DC09474FB3DA}.Capture.Workflow|x64 Test of x86 Driver.Build.0 = Release|Any CPU
		{997F97B4-86CF-4563-9C64-DC09474FB3DA}.Capture.Workflow|x86.ActiveCfg = Release|x86
		{997F97B4-86CF-4563-9C64-DC09474FB3DA}.Capture.Workflow|x86.Build.0 = Release|x86
		{997F97B4-86CF-4563-9C64-DC09474FB3DA}.Debug|Any CPU.ActiveCfg = Debug|Any CPU
		{997F97B4-86CF-4563-9C64-DC09474FB3DA}.Debug|Any CPU.Build.0 = Debug|Any CPU
		{997F97B4-86CF-4563-9C64-DC09474FB3DA}.Debug|Any CPU (x64 Test).ActiveCfg = Debug|Any CPU
		{997F97B4-86CF-4563-9C64-DC09474FB3DA}.Debug|Any CPU (x64 Test).Build.0 = Debug|Any CPU
		{997F97B4-86CF-4563-9C64-DC09474FB3DA}.Debug|Any CPU (x86 Test).ActiveCfg = Debug|Any CPU
		{997F97B4-86CF-4563-9C64-DC09474FB3DA}.Debug|Any CPU (x86 Test).Build.0 = Debug|Any CPU
		{997F97B4-86CF-4563-9C64-DC09474FB3DA}.Debug|x64.ActiveCfg = Debug|x64
		{997F97B4-86CF-4563-9C64-DC09474FB3DA}.Debug|x64.Build.0 = Debug|x64
		{997F97B4-86CF-4563-9C64-DC09474FB3DA}.Debug|x64 Test of x86 Driver.ActiveCfg = Debug|x86
		{997F97B4-86CF-4563-9C64-DC09474FB3DA}.Debug|x64 Test of x86 Driver.Build.0 = Debug|x86
		{997F97B4-86CF-4563-9C64-DC09474FB3DA}.Debug|x86.ActiveCfg = Debug|x86
		{997F97B4-86CF-4563-9C64-DC09474FB3DA}.Debug|x86.Build.0 = Debug|x86
		{997F97B4-86CF-4563-9C64-DC09474FB3DA}.Release|Any CPU.ActiveCfg = Release|Any CPU
		{997F97B4-86CF-4563-9C64-DC09474FB3DA}.Release|Any CPU.Build.0 = Release|Any CPU
		{997F97B4-86CF-4563-9C64-DC09474FB3DA}.Release|Any CPU (x64 Test).ActiveCfg = Release|Any CPU
		{997F97B4-86CF-4563-9C64-DC09474FB3DA}.Release|Any CPU (x64 Test).Build.0 = Release|Any CPU
		{997F97B4-86CF-4563-9C64-DC09474FB3DA}.Release|Any CPU (x86 Test).ActiveCfg = Release|Any CPU
		{997F97B4-86CF-4563-9C64-DC09474FB3DA}.Release|Any CPU (x86 Test).Build.0 = Release|Any CPU
		{997F97B4-86CF-4563-9C64-DC09474FB3DA}.Release|x64.ActiveCfg = Release|x64
		{997F97B4-86CF-4563-9C64-DC09474FB3DA}.Release|x64.Build.0 = Release|x64
		{997F97B4-86CF-4563-9C64-DC09474FB3DA}.Release|x64 Test of x86 Driver.ActiveCfg = Release|x86
		{997F97B4-86CF-4563-9C64-DC09474FB3DA}.Release|x64 Test of x86 Driver.Build.0 = Release|x86
		{997F97B4-86CF-4563-9C64-DC09474FB3DA}.Release|x86.ActiveCfg = Release|x86
		{997F97B4-86CF-4563-9C64-DC09474FB3DA}.Release|x86.Build.0 = Release|x86
		{3DAB1B0F-F5D1-4996-97CF-6E3CE97FBECC}.Capture.Workflow|Any CPU.ActiveCfg = Release|Any CPU
		{3DAB1B0F-F5D1-4996-97CF-6E3CE97FBECC}.Capture.Workflow|Any CPU.Build.0 = Release|Any CPU
		{3DAB1B0F-F5D1-4996-97CF-6E3CE97FBECC}.Capture.Workflow|Any CPU (x64 Test).ActiveCfg = Release|Any CPU
		{3DAB1B0F-F5D1-4996-97CF-6E3CE97FBECC}.Capture.Workflow|Any CPU (x64 Test).Build.0 = Release|Any CPU
		{3DAB1B0F-F5D1-4996-97CF-6E3CE97FBECC}.Capture.Workflow|Any CPU (x86 Test).ActiveCfg = Release|Any CPU
		{3DAB1B0F-F5D1-4996-97CF-6E3CE97FBECC}.Capture.Workflow|Any CPU (x86 Test).Build.0 = Release|Any CPU
		{3DAB1B0F-F5D1-4996-97CF-6E3CE97FBECC}.Capture.Workflow|x64.ActiveCfg = Release|x64
		{3DAB1B0F-F5D1-4996-97CF-6E3CE97FBECC}.Capture.Workflow|x64.Build.0 = Release|x64
		{3DAB1B0F-F5D1-4996-97CF-6E3CE97FBECC}.Capture.Workflow|x64 Test of x86 Driver.ActiveCfg = Release|Any CPU
		{3DAB1B0F-F5D1-4996-97CF-6E3CE97FBECC}.Capture.Workflow|x64 Test of x86 Driver.Build.0 = Release|Any CPU
		{3DAB1B0F-F5D1-4996-97CF-6E3CE97FBECC}.Capture.Workflow|x86.ActiveCfg = Release|x86
		{3DAB1B0F-F5D1-4996-97CF-6E3CE97FBECC}.Capture.Workflow|x86.Build.0 = Release|x86
		{3DAB1B0F-F5D1-4996-97CF-6E3CE97FBECC}.Debug|Any CPU.ActiveCfg = Debug|Any CPU
		{3DAB1B0F-F5D1-4996-97CF-6E3CE97FBECC}.Debug|Any CPU.Build.0 = Debug|Any CPU
		{3DAB1B0F-F5D1-4996-97CF-6E3CE97FBECC}.Debug|Any CPU (x64 Test).ActiveCfg = Debug|x64
		{3DAB1B0F-F5D1-4996-97CF-6E3CE97FBECC}.Debug|Any CPU (x64 Test).Build.0 = Debug|x64
		{3DAB1B0F-F5D1-4996-97CF-6E3CE97FBECC}.Debug|Any CPU (x86 Test).ActiveCfg = Debug|x86
		{3DAB1B0F-F5D1-4996-97CF-6E3CE97FBECC}.Debug|Any CPU (x86 Test).Build.0 = Debug|x86
		{3DAB1B0F-F5D1-4996-97CF-6E3CE97FBECC}.Debug|x64.ActiveCfg = Debug|x64
		{3DAB1B0F-F5D1-4996-97CF-6E3CE97FBECC}.Debug|x64.Build.0 = Debug|x64
		{3DAB1B0F-F5D1-4996-97CF-6E3CE97FBECC}.Debug|x64 Test of x86 Driver.ActiveCfg = Debug|x86
		{3DAB1B0F-F5D1-4996-97CF-6E3CE97FBECC}.Debug|x64 Test of x86 Driver.Build.0 = Debug|x86
		{3DAB1B0F-F5D1-4996-97CF-6E3CE97FBECC}.Debug|x86.ActiveCfg = Debug|x86
		{3DAB1B0F-F5D1-4996-97CF-6E3CE97FBECC}.Debug|x86.Build.0 = Debug|x86
		{3DAB1B0F-F5D1-4996-97CF-6E3CE97FBECC}.Release|Any CPU.ActiveCfg = Release|Any CPU
		{3DAB1B0F-F5D1-4996-97CF-6E3CE97FBECC}.Release|Any CPU.Build.0 = Release|Any CPU
		{3DAB1B0F-F5D1-4996-97CF-6E3CE97FBECC}.Release|Any CPU (x64 Test).ActiveCfg = Release|x64
		{3DAB1B0F-F5D1-4996-97CF-6E3CE97FBECC}.Release|Any CPU (x64 Test).Build.0 = Release|x64
		{3DAB1B0F-F5D1-4996-97CF-6E3CE97FBECC}.Release|Any CPU (x86 Test).ActiveCfg = Release|x86
		{3DAB1B0F-F5D1-4996-97CF-6E3CE97FBECC}.Release|Any CPU (x86 Test).Build.0 = Release|x86
		{3DAB1B0F-F5D1-4996-97CF-6E3CE97FBECC}.Release|x64.ActiveCfg = Release|x64
		{3DAB1B0F-F5D1-4996-97CF-6E3CE97FBECC}.Release|x64.Build.0 = Release|x64
		{3DAB1B0F-F5D1-4996-97CF-6E3CE97FBECC}.Release|x64 Test of x86 Driver.ActiveCfg = Release|x64
		{3DAB1B0F-F5D1-4996-97CF-6E3CE97FBECC}.Release|x64 Test of x86 Driver.Build.0 = Release|x64
		{3DAB1B0F-F5D1-4996-97CF-6E3CE97FBECC}.Release|x86.ActiveCfg = Release|x86
		{3DAB1B0F-F5D1-4996-97CF-6E3CE97FBECC}.Release|x86.Build.0 = Release|x86
		{64308775-BD4A-469C-BCAB-3ED830B811AF}.Capture.Workflow|Any CPU.ActiveCfg = Release|Any CPU
		{64308775-BD4A-469C-BCAB-3ED830B811AF}.Capture.Workflow|Any CPU.Build.0 = Release|Any CPU
		{64308775-BD4A-469C-BCAB-3ED830B811AF}.Capture.Workflow|Any CPU (x64 Test).ActiveCfg = Release|Any CPU
		{64308775-BD4A-469C-BCAB-3ED830B811AF}.Capture.Workflow|Any CPU (x64 Test).Build.0 = Release|Any CPU
		{64308775-BD4A-469C-BCAB-3ED830B811AF}.Capture.Workflow|Any CPU (x86 Test).ActiveCfg = Release|Any CPU
		{64308775-BD4A-469C-BCAB-3ED830B811AF}.Capture.Workflow|Any CPU (x86 Test).Build.0 = Release|Any CPU
		{64308775-BD4A-469C-BCAB-3ED830B811AF}.Capture.Workflow|x64.ActiveCfg = Release|x64
		{64308775-BD4A-469C-BCAB-3ED830B811AF}.Capture.Workflow|x64.Build.0 = Release|x64
		{64308775-BD4A-469C-BCAB-3ED830B811AF}.Capture.Workflow|x64 Test of x86 Driver.ActiveCfg = Release|Any CPU
		{64308775-BD4A-469C-BCAB-3ED830B811AF}.Capture.Workflow|x64 Test of x86 Driver.Build.0 = Release|Any CPU
		{64308775-BD4A-469C-BCAB-3ED830B811AF}.Capture.Workflow|x86.ActiveCfg = Release|x86
		{64308775-BD4A-469C-BCAB-3ED830B811AF}.Capture.Workflow|x86.Build.0 = Release|x86
		{64308775-BD4A-469C-BCAB-3ED830B811AF}.Debug|Any CPU.ActiveCfg = Debug|Any CPU
		{64308775-BD4A-469C-BCAB-3ED830B811AF}.Debug|Any CPU.Build.0 = Debug|Any CPU
		{64308775-BD4A-469C-BCAB-3ED830B811AF}.Debug|Any CPU (x64 Test).ActiveCfg = Debug|Any CPU
		{64308775-BD4A-469C-BCAB-3ED830B811AF}.Debug|Any CPU (x64 Test).Build.0 = Debug|Any CPU
		{64308775-BD4A-469C-BCAB-3ED830B811AF}.Debug|Any CPU (x86 Test).ActiveCfg = Debug|Any CPU
		{64308775-BD4A-469C-BCAB-3ED830B811AF}.Debug|Any CPU (x86 Test).Build.0 = Debug|Any CPU
		{64308775-BD4A-469C-BCAB-3ED830B811AF}.Debug|x64.ActiveCfg = Debug|x64
		{64308775-BD4A-469C-BCAB-3ED830B811AF}.Debug|x64.Build.0 = Debug|x64
		{64308775-BD4A-469C-BCAB-3ED830B811AF}.Debug|x64 Test of x86 Driver.ActiveCfg = Debug|x86
		{64308775-BD4A-469C-BCAB-3ED830B811AF}.Debug|x64 Test of x86 Driver.Build.0 = Debug|x86
		{64308775-BD4A-469C-BCAB-3ED830B811AF}.Debug|x86.ActiveCfg = Debug|x86
		{64308775-BD4A-469C-BCAB-3ED830B811AF}.Debug|x86.Build.0 = Debug|x86
		{64308775-BD4A-469C-BCAB-3ED830B811AF}.Release|Any CPU.ActiveCfg = Release|Any CPU
		{64308775-BD4A-469C-BCAB-3ED830B811AF}.Release|Any CPU.Build.0 = Release|Any CPU
		{64308775-BD4A-469C-BCAB-3ED830B811AF}.Release|Any CPU (x64 Test).ActiveCfg = Release|Any CPU
		{64308775-BD4A-469C-BCAB-3ED830B811AF}.Release|Any CPU (x64 Test).Build.0 = Release|Any CPU
		{64308775-BD4A-469C-BCAB-3ED830B811AF}.Release|Any CPU (x86 Test).ActiveCfg = Release|Any CPU
		{64308775-BD4A-469C-BCAB-3ED830B811AF}.Release|Any CPU (x86 Test).Build.0 = Release|Any CPU
		{64308775-BD4A-469C-BCAB-3ED830B811AF}.Release|x64.ActiveCfg = Release|x64
		{64308775-BD4A-469C-BCAB-3ED830B811AF}.Release|x64.Build.0 = Release|x64
		{64308775-BD4A-469C-BCAB-3ED830B811AF}.Release|x64 Test of x86 Driver.ActiveCfg = Release|x86
		{64308775-BD4A-469C-BCAB-3ED830B811AF}.Release|x64 Test of x86 Driver.Build.0 = Release|x86
		{64308775-BD4A-469C-BCAB-3ED830B811AF}.Release|x86.ActiveCfg = Release|x86
		{64308775-BD4A-469C-BCAB-3ED830B811AF}.Release|x86.Build.0 = Release|x86
		{8E8D406C-1838-4914-867D-AB602D0EAF3E}.Capture.Workflow|Any CPU.ActiveCfg = Release|Any CPU
		{8E8D406C-1838-4914-867D-AB602D0EAF3E}.Capture.Workflow|Any CPU.Build.0 = Release|Any CPU
		{8E8D406C-1838-4914-867D-AB602D0EAF3E}.Capture.Workflow|Any CPU (x64 Test).ActiveCfg = Release|Any CPU
		{8E8D406C-1838-4914-867D-AB602D0EAF3E}.Capture.Workflow|Any CPU (x64 Test).Build.0 = Release|Any CPU
		{8E8D406C-1838-4914-867D-AB602D0EAF3E}.Capture.Workflow|Any CPU (x86 Test).ActiveCfg = Release|Any CPU
		{8E8D406C-1838-4914-867D-AB602D0EAF3E}.Capture.Workflow|Any CPU (x86 Test).Build.0 = Release|Any CPU
		{8E8D406C-1838-4914-867D-AB602D0EAF3E}.Capture.Workflow|x64.ActiveCfg = Release|x64
		{8E8D406C-1838-4914-867D-AB602D0EAF3E}.Capture.Workflow|x64.Build.0 = Release|x64
		{8E8D406C-1838-4914-867D-AB602D0EAF3E}.Capture.Workflow|x64 Test of x86 Driver.ActiveCfg = Release|Any CPU
		{8E8D406C-1838-4914-867D-AB602D0EAF3E}.Capture.Workflow|x64 Test of x86 Driver.Build.0 = Release|Any CPU
		{8E8D406C-1838-4914-867D-AB602D0EAF3E}.Capture.Workflow|x86.ActiveCfg = Release|x86
		{8E8D406C-1838-4914-867D-AB602D0EAF3E}.Capture.Workflow|x86.Build.0 = Release|x86
		{8E8D406C-1838-4914-867D-AB602D0EAF3E}.Debug|Any CPU.ActiveCfg = Debug|Any CPU
		{8E8D406C-1838-4914-867D-AB602D0EAF3E}.Debug|Any CPU.Build.0 = Debug|Any CPU
		{8E8D406C-1838-4914-867D-AB602D0EAF3E}.Debug|Any CPU (x64 Test).ActiveCfg = Debug|x64
		{8E8D406C-1838-4914-867D-AB602D0EAF3E}.Debug|Any CPU (x64 Test).Build.0 = Debug|x64
		{8E8D406C-1838-4914-867D-AB602D0EAF3E}.Debug|Any CPU (x86 Test).ActiveCfg = Debug|x86
		{8E8D406C-1838-4914-867D-AB602D0EAF3E}.Debug|Any CPU (x86 Test).Build.0 = Debug|x86
		{8E8D406C-1838-4914-867D-AB602D0EAF3E}.Debug|x64.ActiveCfg = Debug|x64
		{8E8D406C-1838-4914-867D-AB602D0EAF3E}.Debug|x64.Build.0 = Debug|x64
		{8E8D406C-1838-4914-867D-AB602D0EAF3E}.Debug|x64 Test of x86 Driver.ActiveCfg = Debug|x64
		{8E8D406C-1838-4914-867D-AB602D0EAF3E}.Debug|x64 Test of x86 Driver.Build.0 = Debug|x64
		{8E8D406C-1838-4914-867D-AB602D0EAF3E}.Debug|x86.ActiveCfg = Debug|x86
		{8E8D406C-1838-4914-867D-AB602D0EAF3E}.Debug|x86.Build.0 = Debug|x86
		{8E8D406C-1838-4914-867D-AB602D0EAF3E}.Release|Any CPU.ActiveCfg = Release|Any CPU
		{8E8D406C-1838-4914-867D-AB602D0EAF3E}.Release|Any CPU.Build.0 = Release|Any CPU
		{8E8D406C-1838-4914-867D-AB602D0EAF3E}.Release|Any CPU (x64 Test).ActiveCfg = Release|x64
		{8E8D406C-1838-4914-867D-AB602D0EAF3E}.Release|Any CPU (x64 Test).Build.0 = Release|x64
		{8E8D406C-1838-4914-867D-AB602D0EAF3E}.Release|Any CPU (x86 Test).ActiveCfg = Release|x86
		{8E8D406C-1838-4914-867D-AB602D0EAF3E}.Release|Any CPU (x86 Test).Build.0 = Release|x86
		{8E8D406C-1838-4914-867D-AB602D0EAF3E}.Release|x64.ActiveCfg = Release|x64
		{8E8D406C-1838-4914-867D-AB602D0EAF3E}.Release|x64.Build.0 = Release|x64
		{8E8D406C-1838-4914-867D-AB602D0EAF3E}.Release|x64 Test of x86 Driver.ActiveCfg = Release|x64
		{8E8D406C-1838-4914-867D-AB602D0EAF3E}.Release|x64 Test of x86 Driver.Build.0 = Release|x64
		{8E8D406C-1838-4914-867D-AB602D0EAF3E}.Release|x86.ActiveCfg = Release|x86
		{8E8D406C-1838-4914-867D-AB602D0EAF3E}.Release|x86.Build.0 = Release|x86
		{E8572D8B-C987-4D20-BD88-1F8925A64A82}.Capture.Workflow|Any CPU.ActiveCfg = Capture.Workflow|Any CPU
		{E8572D8B-C987-4D20-BD88-1F8925A64A82}.Capture.Workflow|Any CPU.Build.0 = Capture.Workflow|Any CPU
		{E8572D8B-C987-4D20-BD88-1F8925A64A82}.Capture.Workflow|Any CPU (x64 Test).ActiveCfg = Capture.Workflow|Any CPU
		{E8572D8B-C987-4D20-BD88-1F8925A64A82}.Capture.Workflow|Any CPU (x64 Test).Build.0 = Capture.Workflow|Any CPU
		{E8572D8B-C987-4D20-BD88-1F8925A64A82}.Capture.Workflow|Any CPU (x86 Test).ActiveCfg = Capture.Workflow|Any CPU
		{E8572D8B-C987-4D20-BD88-1F8925A64A82}.Capture.Workflow|Any CPU (x86 Test).Build.0 = Capture.Workflow|Any CPU
		{E8572D8B-C987-4D20-BD88-1F8925A64A82}.Capture.Workflow|x64.ActiveCfg = Capture.Workflow|x64
		{E8572D8B-C987-4D20-BD88-1F8925A64A82}.Capture.Workflow|x64.Build.0 = Capture.Workflow|x64
		{E8572D8B-C987-4D20-BD88-1F8925A64A82}.Capture.Workflow|x64 Test of x86 Driver.ActiveCfg = Capture.Workflow|Any CPU
		{E8572D8B-C987-4D20-BD88-1F8925A64A82}.Capture.Workflow|x64 Test of x86 Driver.Build.0 = Capture.Workflow|Any CPU
		{E8572D8B-C987-4D20-BD88-1F8925A64A82}.Capture.Workflow|x86.ActiveCfg = Capture.Workflow|x86
		{E8572D8B-C987-4D20-BD88-1F8925A64A82}.Capture.Workflow|x86.Build.0 = Capture.Workflow|x86
		{E8572D8B-C987-4D20-BD88-1F8925A64A82}.Debug|Any CPU.ActiveCfg = Debug|Any CPU
		{E8572D8B-C987-4D20-BD88-1F8925A64A82}.Debug|Any CPU.Build.0 = Debug|Any CPU
		{E8572D8B-C987-4D20-BD88-1F8925A64A82}.Debug|Any CPU (x64 Test).ActiveCfg = Debug|Any CPU
		{E8572D8B-C987-4D20-BD88-1F8925A64A82}.Debug|Any CPU (x64 Test).Build.0 = Debug|Any CPU
		{E8572D8B-C987-4D20-BD88-1F8925A64A82}.Debug|Any CPU (x86 Test).ActiveCfg = Debug|Any CPU
		{E8572D8B-C987-4D20-BD88-1F8925A64A82}.Debug|Any CPU (x86 Test).Build.0 = Debug|Any CPU
		{E8572D8B-C987-4D20-BD88-1F8925A64A82}.Debug|x64.ActiveCfg = Debug|x64
		{E8572D8B-C987-4D20-BD88-1F8925A64A82}.Debug|x64.Build.0 = Debug|x64
		{E8572D8B-C987-4D20-BD88-1F8925A64A82}.Debug|x64 Test of x86 Driver.ActiveCfg = Debug|Any CPU
		{E8572D8B-C987-4D20-BD88-1F8925A64A82}.Debug|x64 Test of x86 Driver.Build.0 = Debug|Any CPU
		{E8572D8B-C987-4D20-BD88-1F8925A64A82}.Debug|x86.ActiveCfg = Debug|x86
		{E8572D8B-C987-4D20-BD88-1F8925A64A82}.Debug|x86.Build.0 = Debug|x86
		{E8572D8B-C987-4D20-BD88-1F8925A64A82}.Release|Any CPU.ActiveCfg = Release|Any CPU
		{E8572D8B-C987-4D20-BD88-1F8925A64A82}.Release|Any CPU.Build.0 = Release|Any CPU
		{E8572D8B-C987-4D20-BD88-1F8925A64A82}.Release|Any CPU (x64 Test).ActiveCfg = Release|Any CPU
		{E8572D8B-C987-4D20-BD88-1F8925A64A82}.Release|Any CPU (x64 Test).Build.0 = Release|Any CPU
		{E8572D8B-C987-4D20-BD88-1F8925A64A82}.Release|Any CPU (x86 Test).ActiveCfg = Release|Any CPU
		{E8572D8B-C987-4D20-BD88-1F8925A64A82}.Release|Any CPU (x86 Test).Build.0 = Release|Any CPU
		{E8572D8B-C987-4D20-BD88-1F8925A64A82}.Release|x64.ActiveCfg = Release|x64
		{E8572D8B-C987-4D20-BD88-1F8925A64A82}.Release|x64.Build.0 = Release|x64
		{E8572D8B-C987-4D20-BD88-1F8925A64A82}.Release|x64 Test of x86 Driver.ActiveCfg = Release|x86
		{E8572D8B-C987-4D20-BD88-1F8925A64A82}.Release|x64 Test of x86 Driver.Build.0 = Release|x86
		{E8572D8B-C987-4D20-BD88-1F8925A64A82}.Release|x86.ActiveCfg = Release|x86
		{E8572D8B-C987-4D20-BD88-1F8925A64A82}.Release|x86.Build.0 = Release|x86
		{E9F048C1-C6A0-4CCD-BE57-4E76A7F8B32D}.Capture.Workflow|Any CPU.ActiveCfg = Capture.Workflow|Any CPU
		{E9F048C1-C6A0-4CCD-BE57-4E76A7F8B32D}.Capture.Workflow|Any CPU.Build.0 = Capture.Workflow|Any CPU
		{E9F048C1-C6A0-4CCD-BE57-4E76A7F8B32D}.Capture.Workflow|Any CPU (x64 Test).ActiveCfg = Capture.Workflow|Any CPU
		{E9F048C1-C6A0-4CCD-BE57-4E76A7F8B32D}.Capture.Workflow|Any CPU (x64 Test).Build.0 = Capture.Workflow|Any CPU
		{E9F048C1-C6A0-4CCD-BE57-4E76A7F8B32D}.Capture.Workflow|Any CPU (x86 Test).ActiveCfg = Capture.Workflow|Any CPU
		{E9F048C1-C6A0-4CCD-BE57-4E76A7F8B32D}.Capture.Workflow|Any CPU (x86 Test).Build.0 = Capture.Workflow|Any CPU
		{E9F048C1-C6A0-4CCD-BE57-4E76A7F8B32D}.Capture.Workflow|x64.ActiveCfg = Capture.Workflow|x64
		{E9F048C1-C6A0-4CCD-BE57-4E76A7F8B32D}.Capture.Workflow|x64.Build.0 = Capture.Workflow|x64
		{E9F048C1-C6A0-4CCD-BE57-4E76A7F8B32D}.Capture.Workflow|x64 Test of x86 Driver.ActiveCfg = Capture.Workflow|Any CPU
		{E9F048C1-C6A0-4CCD-BE57-4E76A7F8B32D}.Capture.Workflow|x64 Test of x86 Driver.Build.0 = Capture.Workflow|Any CPU
		{E9F048C1-C6A0-4CCD-BE57-4E76A7F8B32D}.Capture.Workflow|x86.ActiveCfg = Capture.Workflow|x86
		{E9F048C1-C6A0-4CCD-BE57-4E76A7F8B32D}.Capture.Workflow|x86.Build.0 = Capture.Workflow|x86
		{E9F048C1-C6A0-4CCD-BE57-4E76A7F8B32D}.Debug|Any CPU.ActiveCfg = Debug|Any CPU
		{E9F048C1-C6A0-4CCD-BE57-4E76A7F8B32D}.Debug|Any CPU.Build.0 = Debug|Any CPU
		{E9F048C1-C6A0-4CCD-BE57-4E76A7F8B32D}.Debug|Any CPU (x64 Test).ActiveCfg = Debug|Any CPU
		{E9F048C1-C6A0-4CCD-BE57-4E76A7F8B32D}.Debug|Any CPU (x64 Test).Build.0 = Debug|Any CPU
		{E9F048C1-C6A0-4CCD-BE57-4E76A7F8B32D}.Debug|Any CPU (x86 Test).ActiveCfg = Debug|Any CPU
		{E9F048C1-C6A0-4CCD-BE57-4E76A7F8B32D}.Debug|Any CPU (x86 Test).Build.0 = Debug|Any CPU
		{E9F048C1-C6A0-4CCD-BE57-4E76A7F8B32D}.Debug|x64.ActiveCfg = Debug|x64
		{E9F048C1-C6A0-4CCD-BE57-4E76A7F8B32D}.Debug|x64.Build.0 = Debug|x64
		{E9F048C1-C6A0-4CCD-BE57-4E76A7F8B32D}.Debug|x64 Test of x86 Driver.ActiveCfg = Debug|x86
		{E9F048C1-C6A0-4CCD-BE57-4E76A7F8B32D}.Debug|x64 Test of x86 Driver.Build.0 = Debug|x86
		{E9F048C1-C6A0-4CCD-BE57-4E76A7F8B32D}.Debug|x86.ActiveCfg = Debug|x86
		{E9F048C1-C6A0-4CCD-BE57-4E76A7F8B32D}.Debug|x86.Build.0 = Debug|x86
		{E9F048C1-C6A0-4CCD-BE57-4E76A7F8B32D}.Release|Any CPU.ActiveCfg = Release|Any CPU
		{E9F048C1-C6A0-4CCD-BE57-4E76A7F8B32D}.Release|Any CPU.Build.0 = Release|Any CPU
		{E9F048C1-C6A0-4CCD-BE57-4E76A7F8B32D}.Release|Any CPU (x64 Test).ActiveCfg = Release|Any CPU
		{E9F048C1-C6A0-4CCD-BE57-4E76A7F8B32D}.Release|Any CPU (x64 Test).Build.0 = Release|Any CPU
		{E9F048C1-C6A0-4CCD-BE57-4E76A7F8B32D}.Release|Any CPU (x86 Test).ActiveCfg = Release|Any CPU
		{E9F048C1-C6A0-4CCD-BE57-4E76A7F8B32D}.Release|Any CPU (x86 Test).Build.0 = Release|Any CPU
		{E9F048C1-C6A0-4CCD-BE57-4E76A7F8B32D}.Release|x64.ActiveCfg = Release|x64
		{E9F048C1-C6A0-4CCD-BE57-4E76A7F8B32D}.Release|x64.Build.0 = Release|x64
		{E9F048C1-C6A0-4CCD-BE57-4E76A7F8B32D}.Release|x64 Test of x86 Driver.ActiveCfg = Release|x86
		{E9F048C1-C6A0-4CCD-BE57-4E76A7F8B32D}.Release|x64 Test of x86 Driver.Build.0 = Release|x86
		{E9F048C1-C6A0-4CCD-BE57-4E76A7F8B32D}.Release|x86.ActiveCfg = Release|x86
		{E9F048C1-C6A0-4CCD-BE57-4E76A7F8B32D}.Release|x86.Build.0 = Release|x86
	EndGlobalSection
	GlobalSection(SolutionProperties) = preSolution
		HideSolutionNode = FALSE
	EndGlobalSection
	GlobalSection(ExtensibilityGlobals) = postSolution
		SolutionGuid = {898FAE4F-E2CD-4B50-B37D-14D445AC3958}
	EndGlobalSection
EndGlobal
